{
	"last_updated": "2025-01-22T06:32:25.490025-05:00",
	"commit_hash": "8e4c84189edf4f6d01107d2bca211e079539e472",
	"license": {
		"spdx": "BSD-3-Clause",
		"permalink": "https://api.github.com/repos/golang/tools/contents/LICENSE?ref=8e4c84189edf4f6d01107d2bca211e079539e472",
		"name": "BSD-3-Clause License"
	},
	"branch": "master",
	"coppied_files": {
		"README.copy.md": {
			"file": "README.copy.md",
			"source": "github.com/golang/tools@e4266160ff24673eb4644707c219806e916f77e6",
			"permalink": "https://raw.githubusercontent.com/golang/tools/e4266160ff24673eb4644707c219806e916f77e6/gopls/internal/protocol/generate/README.md",
			"last_updated": "2025-01-29T19:02:44.676915Z",
			"changes": [
				"Line 90: Replaced 'tsprotocol.go' with 'tsprotocol.gen.go'",
				"Line 129: Replaced 'tsprotocol.go' with 'tsprotocol.gen.go'",
				"Line 87: Replaced 'tsserver.go' with 'tsserver.gen.go'",
				"Line 128: Replaced 'tsserver.go' with 'tsserver.gen.go'",
				"Line 87: Replaced 'tsclient.go' with 'tsclient.gen.go'",
				"Line 127: Replaced 'tsclient.go' with 'tsclient.gen.go'",
				"Line 89: Replaced 'tsjson.go' with 'tsjson.gen.go'"
			]
		},
		"README.md": {
			"file": "README.md",
			"source": "github.com/golang/tools@8e4c84189edf4f6d01107d2bca211e079539e472",
			"permalink": "https://raw.githubusercontent.com/golang/tools/8e4c84189edf4f6d01107d2bca211e079539e472/gopls/internal/protocol/generate/README.md",
			"last_updated": "2025-02-05T20:15:59.671242Z",
			"changes": [
				"Line 91: Replaced 'tsprotocol.go' with 'tsprotocol.gen.go'",
				"Line 130: Replaced 'tsprotocol.go' with 'tsprotocol.gen.go'",
				"Line 88: Replaced 'tsserver.go' with 'tsserver.gen.go'",
				"Line 129: Replaced 'tsserver.go' with 'tsserver.gen.go'",
				"Line 88: Replaced 'tsclient.go' with 'tsclient.gen.go'",
				"Line 128: Replaced 'tsclient.go' with 'tsclient.gen.go'",
				"Line 90: Replaced 'tsjson.go' with 'tsjson.gen.go'"
			],
			"remote_hash": "bam5oCNTSm26KMqIccrDpbfPG9Ia62CbTY6xMNLvKY4="
		},
		"generate.copy.go": {
			"file": "generate.copy.go",
			"source": "github.com/golang/tools@e4266160ff24673eb4644707c219806e916f77e6",
			"permalink": "https://raw.githubusercontent.com/golang/tools/e4266160ff24673eb4644707c219806e916f77e6/gopls/internal/protocol/generate/generate.go",
			"last_updated": "2025-01-29T19:02:45.085757Z"
		},
		"generate.go": {
			"file": "generate.go",
			"source": "github.com/golang/tools@8e4c84189edf4f6d01107d2bca211e079539e472",
			"permalink": "https://raw.githubusercontent.com/golang/tools/8e4c84189edf4f6d01107d2bca211e079539e472/gopls/internal/protocol/generate/generate.go",
			"last_updated": "2025-02-05T20:15:59.835077Z",
			"remote_hash": "WGjDxwMuO5pzZFH91vp6nxijt_UbtAOPgJWkPS5vKxM="
		},
		"main.copy.go": {
			"file": "main.copy.go",
			"source": "github.com/golang/tools@e4266160ff24673eb4644707c219806e916f77e6",
			"permalink": "https://raw.githubusercontent.com/golang/tools/e4266160ff24673eb4644707c219806e916f77e6/gopls/internal/protocol/generate/main.go",
			"last_updated": "2025-01-29T19:02:45.380853Z",
			"changes": [
				"Line 56: Replaced 'func processinline()' with 'func processinline_old()'",
				"Line 105: Replaced 'golang.org/x/tools/internal/jsonrpc2' with 'github.com/creachadair/jrpc2'",
				"Line 134: Replaced 'golang.org/x/tools/internal/jsonrpc2' with 'github.com/creachadair/jrpc2'",
				"Line 113: Replaced 'reply jsonrpc2.Replier, r jsonrpc2.Request' with 'conn *jrpc2.Server, r *jrpc2.Request'",
				"Line 144: Replaced 'reply jsonrpc2.Replier, r jsonrpc2.Request' with 'conn *jrpc2.Server, r *jrpc2.Request'",
				"Line 114: Replaced 'recoverHandlerPanic(r.Method())' with 'recoverHandlerPanic(r.Method)'",
				"Line 145: Replaced 'recoverHandlerPanic(r.Method())' with 'recoverHandlerPanic(r.Method)'",
				"Line 188: Replaced 'tsprotocol.go' with 'tsprotocol.gen.go'",
				"Line 155: Replaced 'tsserver.go' with 'tsserver.gen.go'",
				"Line 124: Replaced 'tsclient.go' with 'tsclient.gen.go'",
				"Line 212: Replaced 'tsjson.go' with 'tsjson.gen.go'"
			]
		},
		"main.go": {
			"file": "main.go",
			"source": "github.com/golang/tools@8e4c84189edf4f6d01107d2bca211e079539e472",
			"permalink": "https://raw.githubusercontent.com/golang/tools/8e4c84189edf4f6d01107d2bca211e079539e472/gopls/internal/protocol/generate/main.go",
			"last_updated": "2025-02-05T20:15:59.991017Z",
			"changes": [
				"Line 57: Replaced 'func processinline()' with 'func processinline_old()'",
				"Line 106: Replaced 'golang.org/x/tools/internal/jsonrpc2' with 'github.com/creachadair/jrpc2'",
				"Line 135: Replaced 'golang.org/x/tools/internal/jsonrpc2' with 'github.com/creachadair/jrpc2'",
				"Line 114: Replaced 'reply jsonrpc2.Replier, r jsonrpc2.Request' with 'conn *jrpc2.Server, r *jrpc2.Request'",
				"Line 145: Replaced 'reply jsonrpc2.Replier, r jsonrpc2.Request' with 'conn *jrpc2.Server, r *jrpc2.Request'",
				"Line 115: Replaced 'recoverHandlerPanic(r.Method())' with 'recoverHandlerPanic(r.Method)'",
				"Line 146: Replaced 'recoverHandlerPanic(r.Method())' with 'recoverHandlerPanic(r.Method)'",
				"Line 189: Replaced 'tsprotocol.go' with 'tsprotocol.gen.go'",
				"Line 156: Replaced 'tsserver.go' with 'tsserver.gen.go'",
				"Line 125: Replaced 'tsclient.go' with 'tsclient.gen.go'",
				"Line 213: Replaced 'tsjson.go' with 'tsjson.gen.go'"
			],
			"remote_hash": "GwsZUmlOpVvrLeruFY9tOEO7FaYKYjCCxTCOK8oZgxI="
		},
		"main_test.copy.go": {
			"file": "main_test.copy.go",
			"source": "github.com/golang/tools@e4266160ff24673eb4644707c219806e916f77e6",
			"permalink": "https://raw.githubusercontent.com/golang/tools/e4266160ff24673eb4644707c219806e916f77e6/gopls/internal/protocol/generate/main_test.go",
			"last_updated": "2025-01-29T19:02:45.700738Z"
		},
		"main_test.go": {
			"file": "main_test.go",
			"source": "github.com/golang/tools@8e4c84189edf4f6d01107d2bca211e079539e472",
			"permalink": "https://raw.githubusercontent.com/golang/tools/8e4c84189edf4f6d01107d2bca211e079539e472/gopls/internal/protocol/generate/main_test.go",
			"last_updated": "2025-02-05T20:16:00.18615Z",
			"remote_hash": "oNI5AGPJ1vLERMldF9sMB_Qak5ojhQeTXdgXrcBqIUo="
		},
		"output.copy.go": {
			"file": "output.copy.go",
			"source": "github.com/golang/tools@e4266160ff24673eb4644707c219806e916f77e6",
			"permalink": "https://raw.githubusercontent.com/golang/tools/e4266160ff24673eb4644707c219806e916f77e6/gopls/internal/protocol/generate/output.go",
			"last_updated": "2025-01-29T19:02:46.007644Z",
			"changes": [
				"Line 94: Replaced 'func genCase(' with 'func genCase_old('",
				"Line 136: Replaced 'func genFunc(' with 'func genFunc_old('",
				"Line 107: Replaced 'UnmarshalJSON(r.Params(), \u0026params)' with 'UnmarshalJSON(r, \u0026params)'",
				"Line 114: Replaced 'reply(ctx, ' with 'reply_fwd(ctx, conn, r,'",
				"Line 116: Replaced 'reply(ctx, ' with 'reply_fwd(ctx, conn, r,'",
				"Line 119: Replaced 'reply(ctx, ' with 'reply_fwd(ctx, conn, r,'",
				"Line 108: Replaced 'sendParseError(ctx, reply,' with 'sendParseError(ctx, conn, r,'",
				"Line 29: Replaced 'tsprotocol.go' with 'tsprotocol.gen.go'",
				"Line 25: Replaced 'tsserver.go' with 'tsserver.gen.go'",
				"Line 21: Replaced 'tsclient.go' with 'tsclient.gen.go'"
			]
		},
		"output.go": {
			"file": "output.go",
			"source": "github.com/golang/tools@8e4c84189edf4f6d01107d2bca211e079539e472",
			"permalink": "https://raw.githubusercontent.com/golang/tools/8e4c84189edf4f6d01107d2bca211e079539e472/gopls/internal/protocol/generate/output.go",
			"last_updated": "2025-02-05T20:16:00.492329Z",
			"changes": [
				"Line 95: Replaced 'func genCase(' with 'func genCase_old('",
				"Line 137: Replaced 'func genFunc(' with 'func genFunc_old('",
				"Line 108: Replaced 'UnmarshalJSON(r.Params(), \u0026params)' with 'UnmarshalJSON(r, \u0026params)'",
				"Line 115: Replaced 'reply(ctx, ' with 'reply_fwd(ctx, conn, r,'",
				"Line 117: Replaced 'reply(ctx, ' with 'reply_fwd(ctx, conn, r,'",
				"Line 120: Replaced 'reply(ctx, ' with 'reply_fwd(ctx, conn, r,'",
				"Line 109: Replaced 'sendParseError(ctx, reply,' with 'sendParseError(ctx, conn, r,'",
				"Line 30: Replaced 'tsprotocol.go' with 'tsprotocol.gen.go'",
				"Line 26: Replaced 'tsserver.go' with 'tsserver.gen.go'",
				"Line 22: Replaced 'tsclient.go' with 'tsclient.gen.go'"
			],
			"remote_hash": "Lp2Wpr8B2U1lABgYJkxVyciC4jRTV5P_m-fHCt5SaoE="
		},
		"tables.copy.go": {
			"file": "tables.copy.go",
			"source": "github.com/golang/tools@e4266160ff24673eb4644707c219806e916f77e6",
			"permalink": "https://raw.githubusercontent.com/golang/tools/e4266160ff24673eb4644707c219806e916f77e6/gopls/internal/protocol/generate/tables.go",
			"last_updated": "2025-01-29T19:02:46.313683Z"
		},
		"tables.go": {
			"file": "tables.go",
			"source": "github.com/golang/tools@8e4c84189edf4f6d01107d2bca211e079539e472",
			"permalink": "https://raw.githubusercontent.com/golang/tools/8e4c84189edf4f6d01107d2bca211e079539e472/gopls/internal/protocol/generate/tables.go",
			"last_updated": "2025-02-05T20:16:00.707049Z",
			"remote_hash": "yN6LTSVuqvIJGsCYGrZVeG8jsQTkBLkXDcJaR6nBcN4="
		},
		"typenames.copy.go": {
			"file": "typenames.copy.go",
			"source": "github.com/golang/tools@e4266160ff24673eb4644707c219806e916f77e6",
			"permalink": "https://raw.githubusercontent.com/golang/tools/e4266160ff24673eb4644707c219806e916f77e6/gopls/internal/protocol/generate/typenames.go",
			"last_updated": "2025-01-29T19:02:46.720969Z"
		},
		"typenames.go": {
			"file": "typenames.go",
			"source": "github.com/golang/tools@8e4c84189edf4f6d01107d2bca211e079539e472",
			"permalink": "https://raw.githubusercontent.com/golang/tools/8e4c84189edf4f6d01107d2bca211e079539e472/gopls/internal/protocol/generate/typenames.go",
			"last_updated": "2025-02-05T20:16:00.858707Z",
			"remote_hash": "S8u2Xb9K382AWyMCrigY3wtZg63AHETJBWKCai5I79I="
		},
		"types.copy.go": {
			"file": "types.copy.go",
			"source": "github.com/golang/tools@e4266160ff24673eb4644707c219806e916f77e6",
			"permalink": "https://raw.githubusercontent.com/golang/tools/e4266160ff24673eb4644707c219806e916f77e6/gopls/internal/protocol/generate/types.go",
			"last_updated": "2025-01-29T19:02:47.028395Z"
		},
		"types.go": {
			"file": "types.go",
			"source": "github.com/golang/tools@8e4c84189edf4f6d01107d2bca211e079539e472",
			"permalink": "https://raw.githubusercontent.com/golang/tools/8e4c84189edf4f6d01107d2bca211e079539e472/gopls/internal/protocol/generate/types.go",
			"last_updated": "2025-02-05T20:16:01.229279Z",
			"remote_hash": "05uBsnfjodRZHifmkh36775jKcX467IKic43VERURw8="
		}
	},
	"generated_files": {},
	"args": {
		"src_repo": "github.com/golang/tools",
		"src_ref": "master",
		"src_path": "gopls/internal/protocol/generate",
		"copy_args": {
			"replacements": [
				{
					"old": "func processinline()",
					"new": "func processinline_old()"
				},
				{
					"old": "golang.org/x/tools/internal/jsonrpc2",
					"new": "github.com/creachadair/jrpc2"
				},
				{
					"old": "reply jsonrpc2.Replier, r jsonrpc2.Request",
					"new": "conn *jrpc2.Server, r *jrpc2.Request"
				},
				{
					"old": "func genCase(",
					"new": "func genCase_old("
				},
				{
					"old": "func genFunc(",
					"new": "func genFunc_old("
				},
				{
					"old": "UnmarshalJSON(r.Params(), \u0026params)",
					"new": "UnmarshalJSON(r, \u0026params)"
				},
				{
					"old": "reply(ctx, ",
					"new": "reply_fwd(ctx, conn, r,"
				},
				{
					"old": "sendParseError(ctx, reply,",
					"new": "sendParseError(ctx, conn, r,"
				},
				{
					"old": "recoverHandlerPanic(r.Method())",
					"new": "recoverHandlerPanic(r.Method)"
				},
				{
					"old": "tsprotocol.go",
					"new": "tsprotocol.gen.go"
				},
				{
					"old": "tsserver.go",
					"new": "tsserver.gen.go"
				},
				{
					"old": "tsclient.go",
					"new": "tsclient.gen.go"
				},
				{
					"old": "tsjson.go",
					"new": "tsjson.gen.go"
				}
			],
			"ignore_files": [
				"*.txt"
			]
		}
	}
}