{
	"last_updated": "2025-01-21T17:52:49.258024Z",
	"commit_hash": "96a07bb5a10cad767e4a70c7fad8c2d09f663712",
	"branch": "master",
	"entries": {
		"README.copy.md": {
			"file": "README.copy.md",
			"source": "github.com/golang/tools@96a07bb5a10cad767e4a70c7fad8c2d09f663712",
			"permalink": "https://raw.githubusercontent.com/golang/tools/96a07bb5a10cad767e4a70c7fad8c2d09f663712/gopls/internal/protocol/generate/README.md",
			"downloaded": "2025-01-21T17:52:49.214852Z",
			"changes": [
				"Line 90: Replaced 'tsprotocol.go' with 'tsprotocol.gen.go'",
				"Line 129: Replaced 'tsprotocol.go' with 'tsprotocol.gen.go'",
				"Line 87: Replaced 'tsserver.go' with 'tsserver.gen.go'",
				"Line 128: Replaced 'tsserver.go' with 'tsserver.gen.go'",
				"Line 87: Replaced 'tsclient.go' with 'tsclient.gen.go'",
				"Line 127: Replaced 'tsclient.go' with 'tsclient.gen.go'",
				"Line 89: Replaced 'tsjson.go' with 'tsjson.gen.go'"
			]
		},
		"generate.copy.go": {
			"file": "generate.copy.go",
			"source": "github.com/golang/tools@96a07bb5a10cad767e4a70c7fad8c2d09f663712",
			"permalink": "https://raw.githubusercontent.com/golang/tools/96a07bb5a10cad767e4a70c7fad8c2d09f663712/gopls/internal/protocol/generate/generate.go",
			"downloaded": "2025-01-21T17:52:49.214777Z"
		},
		"main.copy.go": {
			"file": "main.copy.go",
			"source": "github.com/golang/tools@96a07bb5a10cad767e4a70c7fad8c2d09f663712",
			"permalink": "https://raw.githubusercontent.com/golang/tools/96a07bb5a10cad767e4a70c7fad8c2d09f663712/gopls/internal/protocol/generate/main.go",
			"downloaded": "2025-01-21T17:52:49.257282Z",
			"changes": [
				"Line 56: Replaced 'func processinline()' with 'func processinline_old()'",
				"Line 105: Replaced 'golang.org/x/tools/internal/jsonrpc2' with 'github.com/creachadair/jrpc2'",
				"Line 134: Replaced 'golang.org/x/tools/internal/jsonrpc2' with 'github.com/creachadair/jrpc2'",
				"Line 113: Replaced 'reply jsonrpc2.Replier, r jsonrpc2.Request' with 'conn *jrpc2.Server, r *jrpc2.Request'",
				"Line 144: Replaced 'reply jsonrpc2.Replier, r jsonrpc2.Request' with 'conn *jrpc2.Server, r *jrpc2.Request'",
				"Line 114: Replaced 'recoverHandlerPanic(r.Method())' with 'recoverHandlerPanic(r.Method)'",
				"Line 145: Replaced 'recoverHandlerPanic(r.Method())' with 'recoverHandlerPanic(r.Method)'",
				"Line 188: Replaced 'tsprotocol.go' with 'tsprotocol.gen.go'",
				"Line 155: Replaced 'tsserver.go' with 'tsserver.gen.go'",
				"Line 124: Replaced 'tsclient.go' with 'tsclient.gen.go'",
				"Line 212: Replaced 'tsjson.go' with 'tsjson.gen.go'"
			]
		},
		"main_test.copy.go": {
			"file": "main_test.copy.go",
			"source": "github.com/golang/tools@96a07bb5a10cad767e4a70c7fad8c2d09f663712",
			"permalink": "https://raw.githubusercontent.com/golang/tools/96a07bb5a10cad767e4a70c7fad8c2d09f663712/gopls/internal/protocol/generate/main_test.go",
			"downloaded": "2025-01-21T17:52:49.214916Z"
		},
		"output.copy.go": {
			"file": "output.copy.go",
			"source": "github.com/golang/tools@96a07bb5a10cad767e4a70c7fad8c2d09f663712",
			"permalink": "https://raw.githubusercontent.com/golang/tools/96a07bb5a10cad767e4a70c7fad8c2d09f663712/gopls/internal/protocol/generate/output.go",
			"downloaded": "2025-01-21T17:52:49.214402Z",
			"changes": [
				"Line 94: Replaced 'func genCase(' with 'func genCase_old('",
				"Line 136: Replaced 'func genFunc(' with 'func genFunc_old('",
				"Line 107: Replaced 'UnmarshalJSON(r.Params(), \u0026params)' with 'UnmarshalJSON(r, \u0026params)'",
				"Line 114: Replaced 'reply(ctx, ' with 'reply_fwd(ctx, conn, r,'",
				"Line 116: Replaced 'reply(ctx, ' with 'reply_fwd(ctx, conn, r,'",
				"Line 119: Replaced 'reply(ctx, ' with 'reply_fwd(ctx, conn, r,'",
				"Line 108: Replaced 'sendParseError(ctx, reply,' with 'sendParseError(ctx, conn, r,'",
				"Line 29: Replaced 'tsprotocol.go' with 'tsprotocol.gen.go'",
				"Line 25: Replaced 'tsserver.go' with 'tsserver.gen.go'",
				"Line 21: Replaced 'tsclient.go' with 'tsclient.gen.go'"
			]
		},
		"tables.copy.go": {
			"file": "tables.copy.go",
			"source": "github.com/golang/tools@96a07bb5a10cad767e4a70c7fad8c2d09f663712",
			"permalink": "https://raw.githubusercontent.com/golang/tools/96a07bb5a10cad767e4a70c7fad8c2d09f663712/gopls/internal/protocol/generate/tables.go",
			"downloaded": "2025-01-21T17:52:49.214933Z"
		},
		"typenames.copy.go": {
			"file": "typenames.copy.go",
			"source": "github.com/golang/tools@96a07bb5a10cad767e4a70c7fad8c2d09f663712",
			"permalink": "https://raw.githubusercontent.com/golang/tools/96a07bb5a10cad767e4a70c7fad8c2d09f663712/gopls/internal/protocol/generate/typenames.go",
			"downloaded": "2025-01-21T17:52:49.216511Z"
		},
		"types.copy.go": {
			"file": "types.copy.go",
			"source": "github.com/golang/tools@96a07bb5a10cad767e4a70c7fad8c2d09f663712",
			"permalink": "https://raw.githubusercontent.com/golang/tools/96a07bb5a10cad767e4a70c7fad8c2d09f663712/gopls/internal/protocol/generate/types.go",
			"downloaded": "2025-01-21T17:52:49.21513Z"
		}
	},
	"args": {
		"src_repo": "github.com/golang/tools",
		"src_ref": "master",
		"src_path": "gopls/internal/protocol/generate",
		"copy_args": {
			"Replacements": [
				{
					"old": "func processinline()",
					"new": "func processinline_old()"
				},
				{
					"old": "golang.org/x/tools/internal/jsonrpc2",
					"new": "github.com/creachadair/jrpc2"
				},
				{
					"old": "reply jsonrpc2.Replier, r jsonrpc2.Request",
					"new": "conn *jrpc2.Server, r *jrpc2.Request"
				},
				{
					"old": "func genCase(",
					"new": "func genCase_old("
				},
				{
					"old": "func genFunc(",
					"new": "func genFunc_old("
				},
				{
					"old": "UnmarshalJSON(r.Params(), \u0026params)",
					"new": "UnmarshalJSON(r, \u0026params)"
				},
				{
					"old": "reply(ctx, ",
					"new": "reply_fwd(ctx, conn, r,"
				},
				{
					"old": "sendParseError(ctx, reply,",
					"new": "sendParseError(ctx, conn, r,"
				},
				{
					"old": "recoverHandlerPanic(r.Method())",
					"new": "recoverHandlerPanic(r.Method)"
				},
				{
					"old": "tsprotocol.go",
					"new": "tsprotocol.gen.go"
				},
				{
					"old": "tsserver.go",
					"new": "tsserver.gen.go"
				},
				{
					"old": "tsclient.go",
					"new": "tsclient.gen.go"
				},
				{
					"old": "tsjson.go",
					"new": "tsjson.gen.go"
				}
			],
			"IgnoreFiles": [
				"*.txt"
			]
		}
	}
}