{
	"last_updated": "2025-01-22T06:32:25.490025-05:00",
	"commit_hash": "74b5526d8b9d1f5c1020b68fe44365f34071cf3f",
	"license": {
		"spdx": "BSD-3-Clause",
		"permalink": "https://api.github.com/repos/golang/tools/contents/LICENSE?ref=74b5526d8b9d1f5c1020b68fe44365f34071cf3f",
		"name": "BSD-3-Clause License"
	},
	"branch": "master",
	"coppied_files": {
		"README.copy.md": {
			"file": "README.copy.md",
			"source": "github.com/golang/tools@e4266160ff24673eb4644707c219806e916f77e6",
			"permalink": "https://raw.githubusercontent.com/golang/tools/e4266160ff24673eb4644707c219806e916f77e6/gopls/internal/protocol/generate/README.md",
			"last_updated": "2025-01-29T19:02:44.676915Z",
			"changes": [
				"Line 90: Replaced 'tsprotocol.go' with 'tsprotocol.gen.go'",
				"Line 129: Replaced 'tsprotocol.go' with 'tsprotocol.gen.go'",
				"Line 87: Replaced 'tsserver.go' with 'tsserver.gen.go'",
				"Line 128: Replaced 'tsserver.go' with 'tsserver.gen.go'",
				"Line 87: Replaced 'tsclient.go' with 'tsclient.gen.go'",
				"Line 127: Replaced 'tsclient.go' with 'tsclient.gen.go'",
				"Line 89: Replaced 'tsjson.go' with 'tsjson.gen.go'"
			]
		},
		"README.md": {
			"file": "README.md",
			"source": "github.com/golang/tools@74b5526d8b9d1f5c1020b68fe44365f34071cf3f",
			"permalink": "https://raw.githubusercontent.com/golang/tools/74b5526d8b9d1f5c1020b68fe44365f34071cf3f/gopls/internal/protocol/generate/README.md",
			"last_updated": "2025-02-06T12:14:47.165446Z",
			"changes": [
				"Line 91: Replaced 'tsprotocol.go' with 'tsprotocol.gen.go'",
				"Line 130: Replaced 'tsprotocol.go' with 'tsprotocol.gen.go'",
				"Line 88: Replaced 'tsserver.go' with 'tsserver.gen.go'",
				"Line 129: Replaced 'tsserver.go' with 'tsserver.gen.go'",
				"Line 88: Replaced 'tsclient.go' with 'tsclient.gen.go'",
				"Line 128: Replaced 'tsclient.go' with 'tsclient.gen.go'",
				"Line 90: Replaced 'tsjson.go' with 'tsjson.gen.go'"
			],
			"remote_hash": "53TtS8miEDs5agAQ0oQtRDOXrgUvlmcYOtx-RWU6Fmo="
		},
		"generate.copy.go": {
			"file": "generate.copy.go",
			"source": "github.com/golang/tools@e4266160ff24673eb4644707c219806e916f77e6",
			"permalink": "https://raw.githubusercontent.com/golang/tools/e4266160ff24673eb4644707c219806e916f77e6/gopls/internal/protocol/generate/generate.go",
			"last_updated": "2025-01-29T19:02:45.085757Z"
		},
		"generate.go": {
			"file": "generate.go",
			"source": "github.com/golang/tools@74b5526d8b9d1f5c1020b68fe44365f34071cf3f",
			"permalink": "https://raw.githubusercontent.com/golang/tools/74b5526d8b9d1f5c1020b68fe44365f34071cf3f/gopls/internal/protocol/generate/generate.go",
			"last_updated": "2025-02-06T12:18:31.825295Z",
			"diff_delta": "=93\t-2\t+7\t=1\t-4\t+b5526d\t=1\t+b\t=1\t-1\t=1\t+1\t=1\t-6\t+5c\t=2\t-2\t=1\t+0\t=1\t-5\t+68f\t=1\t-3\t+4436\t=1\t+f\t=1\t-2\t=1\t+0\t=1\t-1\t+1cf3f\t=331\t-64\t=1\t-1753\t=2795",
			"remote_hash": "S8qYsuFFmPCvyGfb38tN-QHw2o-RswKfOYqhQF1IKtw="
		},
		"main.copy.go": {
			"file": "main.copy.go",
			"source": "github.com/golang/tools@e4266160ff24673eb4644707c219806e916f77e6",
			"permalink": "https://raw.githubusercontent.com/golang/tools/e4266160ff24673eb4644707c219806e916f77e6/gopls/internal/protocol/generate/main.go",
			"last_updated": "2025-01-29T19:02:45.380853Z",
			"changes": [
				"Line 56: Replaced 'func processinline()' with 'func processinline_old()'",
				"Line 105: Replaced 'golang.org/x/tools/internal/jsonrpc2' with 'github.com/creachadair/jrpc2'",
				"Line 134: Replaced 'golang.org/x/tools/internal/jsonrpc2' with 'github.com/creachadair/jrpc2'",
				"Line 113: Replaced 'reply jsonrpc2.Replier, r jsonrpc2.Request' with 'conn *jrpc2.Server, r *jrpc2.Request'",
				"Line 144: Replaced 'reply jsonrpc2.Replier, r jsonrpc2.Request' with 'conn *jrpc2.Server, r *jrpc2.Request'",
				"Line 114: Replaced 'recoverHandlerPanic(r.Method())' with 'recoverHandlerPanic(r.Method)'",
				"Line 145: Replaced 'recoverHandlerPanic(r.Method())' with 'recoverHandlerPanic(r.Method)'",
				"Line 188: Replaced 'tsprotocol.go' with 'tsprotocol.gen.go'",
				"Line 155: Replaced 'tsserver.go' with 'tsserver.gen.go'",
				"Line 124: Replaced 'tsclient.go' with 'tsclient.gen.go'",
				"Line 212: Replaced 'tsjson.go' with 'tsjson.gen.go'"
			]
		},
		"main.go": {
			"file": "main.go",
			"source": "github.com/golang/tools@74b5526d8b9d1f5c1020b68fe44365f34071cf3f",
			"permalink": "https://raw.githubusercontent.com/golang/tools/74b5526d8b9d1f5c1020b68fe44365f34071cf3f/gopls/internal/protocol/generate/main.go",
			"last_updated": "2025-02-06T12:14:47.857726Z",
			"changes": [
				"Line 57: Replaced 'func processinline()' with 'func processinline_old()'",
				"Line 106: Replaced 'golang.org/x/tools/internal/jsonrpc2' with 'github.com/creachadair/jrpc2'",
				"Line 135: Replaced 'golang.org/x/tools/internal/jsonrpc2' with 'github.com/creachadair/jrpc2'",
				"Line 114: Replaced 'reply jsonrpc2.Replier, r jsonrpc2.Request' with 'conn *jrpc2.Server, r *jrpc2.Request'",
				"Line 145: Replaced 'reply jsonrpc2.Replier, r jsonrpc2.Request' with 'conn *jrpc2.Server, r *jrpc2.Request'",
				"Line 115: Replaced 'recoverHandlerPanic(r.Method())' with 'recoverHandlerPanic(r.Method)'",
				"Line 146: Replaced 'recoverHandlerPanic(r.Method())' with 'recoverHandlerPanic(r.Method)'",
				"Line 189: Replaced 'tsprotocol.go' with 'tsprotocol.gen.go'",
				"Line 156: Replaced 'tsserver.go' with 'tsserver.gen.go'",
				"Line 125: Replaced 'tsclient.go' with 'tsclient.gen.go'",
				"Line 213: Replaced 'tsjson.go' with 'tsjson.gen.go'"
			],
			"remote_hash": "OiLVzfhU6qoPV02tm4Bm7uourA69QK5q7vzwEeNIx6Q="
		},
		"main_test.copy.go": {
			"file": "main_test.copy.go",
			"source": "github.com/golang/tools@e4266160ff24673eb4644707c219806e916f77e6",
			"permalink": "https://raw.githubusercontent.com/golang/tools/e4266160ff24673eb4644707c219806e916f77e6/gopls/internal/protocol/generate/main_test.go",
			"last_updated": "2025-01-29T19:02:45.700738Z"
		},
		"main_test.go": {
			"file": "main_test.go",
			"source": "github.com/golang/tools@74b5526d8b9d1f5c1020b68fe44365f34071cf3f",
			"permalink": "https://raw.githubusercontent.com/golang/tools/74b5526d8b9d1f5c1020b68fe44365f34071cf3f/gopls/internal/protocol/generate/main_test.go",
			"last_updated": "2025-02-06T12:14:48.08439Z",
			"remote_hash": "UgwenQsRJxb0etrg5MLc6DrmIRAVvKF267USNoiLbP8="
		},
		"output.copy.go": {
			"file": "output.copy.go",
			"source": "github.com/golang/tools@e4266160ff24673eb4644707c219806e916f77e6",
			"permalink": "https://raw.githubusercontent.com/golang/tools/e4266160ff24673eb4644707c219806e916f77e6/gopls/internal/protocol/generate/output.go",
			"last_updated": "2025-01-29T19:02:46.007644Z",
			"changes": [
				"Line 94: Replaced 'func genCase(' with 'func genCase_old('",
				"Line 136: Replaced 'func genFunc(' with 'func genFunc_old('",
				"Line 107: Replaced 'UnmarshalJSON(r.Params(), \u0026params)' with 'UnmarshalJSON(r, \u0026params)'",
				"Line 114: Replaced 'reply(ctx, ' with 'reply_fwd(ctx, conn, r,'",
				"Line 116: Replaced 'reply(ctx, ' with 'reply_fwd(ctx, conn, r,'",
				"Line 119: Replaced 'reply(ctx, ' with 'reply_fwd(ctx, conn, r,'",
				"Line 108: Replaced 'sendParseError(ctx, reply,' with 'sendParseError(ctx, conn, r,'",
				"Line 29: Replaced 'tsprotocol.go' with 'tsprotocol.gen.go'",
				"Line 25: Replaced 'tsserver.go' with 'tsserver.gen.go'",
				"Line 21: Replaced 'tsclient.go' with 'tsclient.gen.go'"
			]
		},
		"output.go": {
			"file": "output.go",
			"source": "github.com/golang/tools@74b5526d8b9d1f5c1020b68fe44365f34071cf3f",
			"permalink": "https://raw.githubusercontent.com/golang/tools/74b5526d8b9d1f5c1020b68fe44365f34071cf3f/gopls/internal/protocol/generate/output.go",
			"last_updated": "2025-02-06T12:14:48.38529Z",
			"changes": [
				"Line 95: Replaced 'func genCase(' with 'func genCase_old('",
				"Line 137: Replaced 'func genFunc(' with 'func genFunc_old('",
				"Line 108: Replaced 'UnmarshalJSON(r.Params(), \u0026params)' with 'UnmarshalJSON(r, \u0026params)'",
				"Line 115: Replaced 'reply(ctx, ' with 'reply_fwd(ctx, conn, r,'",
				"Line 117: Replaced 'reply(ctx, ' with 'reply_fwd(ctx, conn, r,'",
				"Line 120: Replaced 'reply(ctx, ' with 'reply_fwd(ctx, conn, r,'",
				"Line 109: Replaced 'sendParseError(ctx, reply,' with 'sendParseError(ctx, conn, r,'",
				"Line 30: Replaced 'tsprotocol.go' with 'tsprotocol.gen.go'",
				"Line 26: Replaced 'tsserver.go' with 'tsserver.gen.go'",
				"Line 22: Replaced 'tsclient.go' with 'tsclient.gen.go'"
			],
			"remote_hash": "QES6dY67voRiGF4HmbY-SukyNwv0a6UsahuVhFnEsz8="
		},
		"tables.copy.go": {
			"file": "tables.copy.go",
			"source": "github.com/golang/tools@e4266160ff24673eb4644707c219806e916f77e6",
			"permalink": "https://raw.githubusercontent.com/golang/tools/e4266160ff24673eb4644707c219806e916f77e6/gopls/internal/protocol/generate/tables.go",
			"last_updated": "2025-01-29T19:02:46.313683Z"
		},
		"tables.go": {
			"file": "tables.go",
			"source": "github.com/golang/tools@74b5526d8b9d1f5c1020b68fe44365f34071cf3f",
			"permalink": "https://raw.githubusercontent.com/golang/tools/74b5526d8b9d1f5c1020b68fe44365f34071cf3f/gopls/internal/protocol/generate/tables.go",
			"last_updated": "2025-02-06T12:14:48.533088Z",
			"remote_hash": "8-Fq_NPGIgzjaFRxrOq0MMdCYSjuSJNCLLU6iF2CVyc="
		},
		"typenames.copy.go": {
			"file": "typenames.copy.go",
			"source": "github.com/golang/tools@e4266160ff24673eb4644707c219806e916f77e6",
			"permalink": "https://raw.githubusercontent.com/golang/tools/e4266160ff24673eb4644707c219806e916f77e6/gopls/internal/protocol/generate/typenames.go",
			"last_updated": "2025-01-29T19:02:46.720969Z"
		},
		"typenames.go": {
			"file": "typenames.go",
			"source": "github.com/golang/tools@74b5526d8b9d1f5c1020b68fe44365f34071cf3f",
			"permalink": "https://raw.githubusercontent.com/golang/tools/74b5526d8b9d1f5c1020b68fe44365f34071cf3f/gopls/internal/protocol/generate/typenames.go",
			"last_updated": "2025-02-06T12:14:48.905291Z",
			"remote_hash": "nlzN0kHTfUK8DKxMPzi2P82wm9lexjfeGAWoZZFxMWs="
		},
		"types.copy.go": {
			"file": "types.copy.go",
			"source": "github.com/golang/tools@e4266160ff24673eb4644707c219806e916f77e6",
			"permalink": "https://raw.githubusercontent.com/golang/tools/e4266160ff24673eb4644707c219806e916f77e6/gopls/internal/protocol/generate/types.go",
			"last_updated": "2025-01-29T19:02:47.028395Z"
		},
		"types.go": {
			"file": "types.go",
			"source": "github.com/golang/tools@74b5526d8b9d1f5c1020b68fe44365f34071cf3f",
			"permalink": "https://raw.githubusercontent.com/golang/tools/74b5526d8b9d1f5c1020b68fe44365f34071cf3f/gopls/internal/protocol/generate/types.go",
			"last_updated": "2025-02-06T12:14:49.519823Z",
			"remote_hash": "OfIpYZOH9QFv41QJWc655PROpemUY8fF2valhoZBB48="
		}
	},
	"generated_files": {},
	"args": {
		"src_repo": "github.com/golang/tools",
		"src_ref": "master",
		"src_path": "gopls/internal/protocol/generate",
		"copy_args": {
			"replacements": [
				{
					"old": "func processinline()",
					"new": "func processinline_old()"
				},
				{
					"old": "golang.org/x/tools/internal/jsonrpc2",
					"new": "github.com/creachadair/jrpc2"
				},
				{
					"old": "reply jsonrpc2.Replier, r jsonrpc2.Request",
					"new": "conn *jrpc2.Server, r *jrpc2.Request"
				},
				{
					"old": "func genCase(",
					"new": "func genCase_old("
				},
				{
					"old": "func genFunc(",
					"new": "func genFunc_old("
				},
				{
					"old": "UnmarshalJSON(r.Params(), \u0026params)",
					"new": "UnmarshalJSON(r, \u0026params)"
				},
				{
					"old": "reply(ctx, ",
					"new": "reply_fwd(ctx, conn, r,"
				},
				{
					"old": "sendParseError(ctx, reply,",
					"new": "sendParseError(ctx, conn, r,"
				},
				{
					"old": "recoverHandlerPanic(r.Method())",
					"new": "recoverHandlerPanic(r.Method)"
				},
				{
					"old": "tsprotocol.go",
					"new": "tsprotocol.gen.go"
				},
				{
					"old": "tsserver.go",
					"new": "tsserver.gen.go"
				},
				{
					"old": "tsclient.go",
					"new": "tsclient.gen.go"
				},
				{
					"old": "tsjson.go",
					"new": "tsjson.gen.go"
				}
			],
			"ignore_files": [
				"*.txt"
			]
		}
	}
}